
Microsoft Visual Studio Solution File, Format Version 12.00
# Visual Studio Version 17
VisualStudioVersion = 17.8.34525.116
MinimumVisualStudioVersion = 10.0.40219.1
Project("{FAE04EC0-301F-11D3-BF4B-00C04F79EFBC}") = "Entities", "Entities\Entities.csproj", "{FC27C09B-9321-48CF-B1C1-05B5E8E632FE}"
EndProject
Project("{FAE04EC0-301F-11D3-BF4B-00C04F79EFBC}") = "DAL", "DAL\DAL.csproj", "{8662E0CE-6CA6-4B1F-9E79-17626078CC41}"
EndProject
Project("{FAE04EC0-301F-11D3-BF4B-00C04F79EFBC}") = "BackEnd", "BackEnd\BackEnd.csproj", "{40C8CEF3-A469-44C0-BCEC-CEF1A25137F9}"
EndProject
Project("{FAE04EC0-301F-11D3-BF4B-00C04F79EFBC}") = "FrontEnd", "FrontEnd\FrontEnd.csproj", "{8C916096-1CF9-4565-B8AF-284B452FEB49}"
EndProject
Global
	GlobalSection(SolutionConfigurationPlatforms) = preSolution
		Debug|Any CPU = Debug|Any CPU
		Release|Any CPU = Release|Any CPU
	EndGlobalSection
	GlobalSection(ProjectConfigurationPlatforms) = postSolution
		{FC27C09B-9321-48CF-B1C1-05B5E8E632FE}.Debug|Any CPU.ActiveCfg = Debug|Any CPU
		{FC27C09B-9321-48CF-B1C1-05B5E8E632FE}.Debug|Any CPU.Build.0 = Debug|Any CPU
		{FC27C09B-9321-48CF-B1C1-05B5E8E632FE}.Release|Any CPU.ActiveCfg = Release|Any CPU
		{FC27C09B-9321-48CF-B1C1-05B5E8E632FE}.Release|Any CPU.Build.0 = Release|Any CPU
		{8662E0CE-6CA6-4B1F-9E79-17626078CC41}.Debug|Any CPU.ActiveCfg = Debug|Any CPU
		{8662E0CE-6CA6-4B1F-9E79-17626078CC41}.Debug|Any CPU.Build.0 = Debug|Any CPU
		{8662E0CE-6CA6-4B1F-9E79-17626078CC41}.Release|Any CPU.ActiveCfg = Release|Any CPU
		{8662E0CE-6CA6-4B1F-9E79-17626078CC41}.Release|Any CPU.Build.0 = Release|Any CPU
		{40C8CEF3-A469-44C0-BCEC-CEF1A25137F9}.Debug|Any CPU.ActiveCfg = Debug|Any CPU
		{40C8CEF3-A469-44C0-BCEC-CEF1A25137F9}.Debug|Any CPU.Build.0 = Debug|Any CPU
		{40C8CEF3-A469-44C0-BCEC-CEF1A25137F9}.Release|Any CPU.ActiveCfg = Release|Any CPU
		{40C8CEF3-A469-44C0-BCEC-CEF1A25137F9}.Release|Any CPU.Build.0 = Release|Any CPU
		{8C916096-1CF9-4565-B8AF-284B452FEB49}.Debug|Any CPU.ActiveCfg = Debug|Any CPU
		{8C916096-1CF9-4565-B8AF-284B452FEB49}.Debug|Any CPU.Build.0 = Debug|Any CPU
		{8C916096-1CF9-4565-B8AF-284B452FEB49}.Release|Any CPU.ActiveCfg = Release|Any CPU
		{8C916096-1CF9-4565-B8AF-284B452FEB49}.Release|Any CPU.Build.0 = Release|Any CPU
	EndGlobalSection
	GlobalSection(SolutionProperties) = preSolution
		HideSolutionNode = FALSE
	EndGlobalSection
	GlobalSection(ExtensibilityGlobals) = postSolution
		SolutionGuid = {420D90B3-C7C2-49E6-97D6-7D2514AC495F}
	EndGlobalSection
EndGlobal
